
Microsoft Visual Studio Solution File, Format Version 12.00
# Visual Studio 15
VisualStudioVersion = 15.0.28010.2026
MinimumVisualStudioVersion = 10.0.40219.1
Project("{262852C6-CD72-467D-83FE-5EEB1973A190}") = "BlankCordovaApp6", "BlankCordovaApp6\BlankCordovaApp6.jsproj", "{DEBA51C4-0549-4383-A8CB-8F8BBE78729F}"
EndProject
Global
	GlobalSection(SolutionConfigurationPlatforms) = preSolution
		Debug|Android = Debug|Android
		Debug|iOS = Debug|iOS
		Debug|Windows-ARM = Debug|Windows-ARM
		Debug|Windows-x64 = Debug|Windows-x64
		Debug|Windows-x86 = Debug|Windows-x86
		Release|Android = Release|Android
		Release|iOS = Release|iOS
		Release|Windows-ARM = Release|Windows-ARM
		Release|Windows-x64 = Release|Windows-x64
		Release|Windows-x86 = Release|Windows-x86
	EndGlobalSection
	GlobalSection(ProjectConfigurationPlatforms) = postSolution
		{DEBA51C4-0549-4383-A8CB-8F8BBE78729F}.Debug|Android.ActiveCfg = Debug|Android
		{DEBA51C4-0549-4383-A8CB-8F8BBE78729F}.Debug|Android.Build.0 = Debug|Android
		{DEBA51C4-0549-4383-A8CB-8F8BBE78729F}.Debug|Android.Deploy.0 = Debug|Android
		{DEBA51C4-0549-4383-A8CB-8F8BBE78729F}.Debug|iOS.ActiveCfg = Debug|iOS
		{DEBA51C4-0549-4383-A8CB-8F8BBE78729F}.Debug|iOS.Build.0 = Debug|iOS
		{DEBA51C4-0549-4383-A8CB-8F8BBE78729F}.Debug|iOS.Deploy.0 = Debug|iOS
		{DEBA51C4-0549-4383-A8CB-8F8BBE78729F}.Debug|Windows-ARM.ActiveCfg = Debug|Windows-ARM
		{DEBA51C4-0549-4383-A8CB-8F8BBE78729F}.Debug|Windows-ARM.Build.0 = Debug|Windows-ARM
		{DEBA51C4-0549-4383-A8CB-8F8BBE78729F}.Debug|Windows-ARM.Deploy.0 = Debug|Windows-ARM
		{DEBA51C4-0549-4383-A8CB-8F8BBE78729F}.Debug|Windows-x64.ActiveCfg = Debug|Windows-x64
		{DEBA51C4-0549-4383-A8CB-8F8BBE78729F}.Debug|Windows-x64.Build.0 = Debug|Windows-x64
		{DEBA51C4-0549-4383-A8CB-8F8BBE78729F}.Debug|Windows-x64.Deploy.0 = Debug|Windows-x64
		{DEBA51C4-0549-4383-A8CB-8F8BBE78729F}.Debug|Windows-x86.ActiveCfg = Debug|Windows-x86
		{DEBA51C4-0549-4383-A8CB-8F8BBE78729F}.Debug|Windows-x86.Build.0 = Debug|Windows-x86
		{DEBA51C4-0549-4383-A8CB-8F8BBE78729F}.Debug|Windows-x86.Deploy.0 = Debug|Windows-x86
		{DEBA51C4-0549-4383-A8CB-8F8BBE78729F}.Release|Android.ActiveCfg = Release|Android
		{DEBA51C4-0549-4383-A8CB-8F8BBE78729F}.Release|Android.Build.0 = Release|Android
		{DEBA51C4-0549-4383-A8CB-8F8BBE78729F}.Release|Android.Deploy.0 = Release|Android
		{DEBA51C4-0549-4383-A8CB-8F8BBE78729F}.Release|iOS.ActiveCfg = Release|iOS
		{DEBA51C4-0549-4383-A8CB-8F8BBE78729F}.Release|iOS.Build.0 = Release|iOS
		{DEBA51C4-0549-4383-A8CB-8F8BBE78729F}.Release|iOS.Deploy.0 = Release|iOS
		{DEBA51C4-0549-4383-A8CB-8F8BBE78729F}.Release|Windows-ARM.ActiveCfg = Release|Windows-ARM
		{DEBA51C4-0549-4383-A8CB-8F8BBE78729F}.Release|Windows-ARM.Build.0 = Release|Windows-ARM
		{DEBA51C4-0549-4383-A8CB-8F8BBE78729F}.Release|Windows-ARM.Deploy.0 = Release|Windows-ARM
		{DEBA51C4-0549-4383-A8CB-8F8BBE78729F}.Release|Windows-x64.ActiveCfg = Release|Windows-x64
		{DEBA51C4-0549-4383-A8CB-8F8BBE78729F}.Release|Windows-x64.Build.0 = Release|Windows-x64
		{DEBA51C4-0549-4383-A8CB-8F8BBE78729F}.Release|Windows-x64.Deploy.0 = Release|Windows-x64
		{DEBA51C4-0549-4383-A8CB-8F8BBE78729F}.Release|Windows-x86.ActiveCfg = Release|Windows-x86
		{DEBA51C4-0549-4383-A8CB-8F8BBE78729F}.Release|Windows-x86.Build.0 = Release|Windows-x86
		{DEBA51C4-0549-4383-A8CB-8F8BBE78729F}.Release|Windows-x86.Deploy.0 = Release|Windows-x86
	EndGlobalSection
	GlobalSection(SolutionProperties) = preSolution
		HideSolutionNode = FALSE
	EndGlobalSection
	GlobalSection(ExtensibilityGlobals) = postSolution
		SolutionGuid = {31580043-21AC-4915-8030-B484EDC37036}
	EndGlobalSection
EndGlobal
